
Microsoft Visual Studio Solution File, Format Version 12.00
# Visual Studio Version 16
VisualStudioVersion = 16.0.29806.167
MinimumVisualStudioVersion = 10.0.40219.1
Project("{FAE04EC0-301F-11D3-BF4B-00C04F79EFBC}") = "Lab4_5_Csharp_BarryEarls", "Lab4_5_Csharp_BarryEarls\Lab4_5_Csharp_BarryEarls.csproj", "{2868211A-F661-48B3-8EC6-B907BC70068B}"
EndProject
Global
	GlobalSection(SolutionConfigurationPlatforms) = preSolution
		Debug|Any CPU = Debug|Any CPU
		Release|Any CPU = Release|Any CPU
	EndGlobalSection
	GlobalSection(ProjectConfigurationPlatforms) = postSolution
		{2868211A-F661-48B3-8EC6-B907BC70068B}.Debug|Any CPU.ActiveCfg = Debug|Any CPU
		{2868211A-F661-48B3-8EC6-B907BC70068B}.Debug|Any CPU.Build.0 = Debug|Any CPU
		{2868211A-F661-48B3-8EC6-B907BC70068B}.Release|Any CPU.ActiveCfg = Release|Any CPU
		{2868211A-F661-48B3-8EC6-B907BC70068B}.Release|Any CPU.Build.0 = Release|Any CPU
	EndGlobalSection
	GlobalSection(SolutionProperties) = preSolution
		HideSolutionNode = FALSE
	EndGlobalSection
	GlobalSection(ExtensibilityGlobals) = postSolution
		SolutionGuid = {5E4C3194-F174-434A-B9B0-050E61973462}
	EndGlobalSection
EndGlobal
